
Microsoft Visual Studio Solution File, Format Version 12.00
# Visual Studio Version 17
VisualStudioVersion = 17.4.33103.184
MinimumVisualStudioVersion = 10.0.40219.1
Project("{FAE04EC0-301F-11D3-BF4B-00C04F79EFBC}") = "EBookStore", "EBookStore\EBookStore.csproj", "{8F322AAB-9B9F-4C25-BB0B-CA05D9AA13CD}"
EndProject
Project("{FAE04EC0-301F-11D3-BF4B-00C04F79EFBC}") = "ISpan.Utility", "ISpan.Utility\ISpan.Utility.csproj", "{15E1F84D-E5C8-4D9E-9452-AF1248666810}"
EndProject
Global
	GlobalSection(SolutionConfigurationPlatforms) = preSolution
		Debug|Any CPU = Debug|Any CPU
		Release|Any CPU = Release|Any CPU
	EndGlobalSection
	GlobalSection(ProjectConfigurationPlatforms) = postSolution
		{8F322AAB-9B9F-4C25-BB0B-CA05D9AA13CD}.Debug|Any CPU.ActiveCfg = Debug|Any CPU
		{8F322AAB-9B9F-4C25-BB0B-CA05D9AA13CD}.Debug|Any CPU.Build.0 = Debug|Any CPU
		{8F322AAB-9B9F-4C25-BB0B-CA05D9AA13CD}.Release|Any CPU.ActiveCfg = Release|Any CPU
		{8F322AAB-9B9F-4C25-BB0B-CA05D9AA13CD}.Release|Any CPU.Build.0 = Release|Any CPU
		{15E1F84D-E5C8-4D9E-9452-AF1248666810}.Debug|Any CPU.ActiveCfg = Debug|Any CPU
		{15E1F84D-E5C8-4D9E-9452-AF1248666810}.Debug|Any CPU.Build.0 = Debug|Any CPU
		{15E1F84D-E5C8-4D9E-9452-AF1248666810}.Release|Any CPU.ActiveCfg = Release|Any CPU
		{15E1F84D-E5C8-4D9E-9452-AF1248666810}.Release|Any CPU.Build.0 = Release|Any CPU
	EndGlobalSection
	GlobalSection(SolutionProperties) = preSolution
		HideSolutionNode = FALSE
	EndGlobalSection
	GlobalSection(ExtensibilityGlobals) = postSolution
		SolutionGuid = {985D31B0-533E-4EBD-A8F6-E521CF511BDF}
	EndGlobalSection
EndGlobal
